// !$*UTF8*$!
{
	archiveVersion = 1;
	classes = {
	};
	objectVersion = 56;
	objects = {

/* Begin PBXBuildFile section */
		E5AC8A832A13CAF600EA7158 /* AppDelegate.swift in Sources */ = {isa = PBXBuildFile; fileRef = E5AC8A822A13CAF600EA7158 /* AppDelegate.swift */; };
		E5AC8A852A13CAF600EA7158 /* SceneDelegate.swift in Sources */ = {isa = PBXBuildFile; fileRef = E5AC8A842A13CAF600EA7158 /* SceneDelegate.swift */; };
		E5AC8A872A13CAF600EA7158 /* HomeViewController.swift in Sources */ = {isa = PBXBuildFile; fileRef = E5AC8A862A13CAF600EA7158 /* HomeViewController.swift */; };
		E5AC8A8C2A13CAF900EA7158 /* Assets.xcassets in Resources */ = {isa = PBXBuildFile; fileRef = E5AC8A8B2A13CAF900EA7158 /* Assets.xcassets */; };
		E5AC8A8F2A13CAF900EA7158 /* LaunchScreen.storyboard in Resources */ = {isa = PBXBuildFile; fileRef = E5AC8A8D2A13CAF900EA7158 /* LaunchScreen.storyboard */; };
		E5CA83032A152BD00071C452 /* HomeInteractor.swift in Sources */ = {isa = PBXBuildFile; fileRef = E5CA83022A152BD00071C452 /* HomeInteractor.swift */; };
		E5CA83052A152C4E0071C452 /* HomePresenter.swift in Sources */ = {isa = PBXBuildFile; fileRef = E5CA83042A152C4E0071C452 /* HomePresenter.swift */; };
		E5CA83072A15388A0071C452 /* HomeViewController.xib in Resources */ = {isa = PBXBuildFile; fileRef = E5CA83062A15388A0071C452 /* HomeViewController.xib */; };
		E5CA83092A1538DC0071C452 /* FeatureFactory.swift in Sources */ = {isa = PBXBuildFile; fileRef = E5CA83082A1538DC0071C452 /* FeatureFactory.swift */; };
		E5CA830B2A15399E0071C452 /* HomeRouter.swift in Sources */ = {isa = PBXBuildFile; fileRef = E5CA830A2A15399E0071C452 /* HomeRouter.swift */; };
		E5CA830F2A153E130071C452 /* ResultPreviewViewController.swift in Sources */ = {isa = PBXBuildFile; fileRef = E5CA830D2A153E130071C452 /* ResultPreviewViewController.swift */; };
		E5CA83102A153E130071C452 /* ResultPreviewViewController.xib in Resources */ = {isa = PBXBuildFile; fileRef = E5CA830E2A153E130071C452 /* ResultPreviewViewController.xib */; };
		E5CA83122A153E200071C452 /* ResultPreviewInteractor.swift in Sources */ = {isa = PBXBuildFile; fileRef = E5CA83112A153E200071C452 /* ResultPreviewInteractor.swift */; };
		E5CA83142A153E2C0071C452 /* ResultPreviewPresenter.swift in Sources */ = {isa = PBXBuildFile; fileRef = E5CA83132A153E2C0071C452 /* ResultPreviewPresenter.swift */; };
		E5CA83162A153E350071C452 /* ResultPreviewRouter.swift in Sources */ = {isa = PBXBuildFile; fileRef = E5CA83152A153E350071C452 /* ResultPreviewRouter.swift */; };
/* End PBXBuildFile section */

/* Begin PBXFileReference section */
		E5AC8A7F2A13CAF600EA7158 /* mathCamera.app */ = {isa = PBXFileReference; explicitFileType = wrapper.application; includeInIndex = 0; path = mathCamera.app; sourceTree = BUILT_PRODUCTS_DIR; };
		E5AC8A822A13CAF600EA7158 /* AppDelegate.swift */ = {isa = PBXFileReference; lastKnownFileType = sourcecode.swift; path = AppDelegate.swift; sourceTree = "<group>"; };
		E5AC8A842A13CAF600EA7158 /* SceneDelegate.swift */ = {isa = PBXFileReference; lastKnownFileType = sourcecode.swift; path = SceneDelegate.swift; sourceTree = "<group>"; };
		E5AC8A862A13CAF600EA7158 /* HomeViewController.swift */ = {isa = PBXFileReference; lastKnownFileType = sourcecode.swift; path = HomeViewController.swift; sourceTree = "<group>"; };
		E5AC8A8B2A13CAF900EA7158 /* Assets.xcassets */ = {isa = PBXFileReference; lastKnownFileType = folder.assetcatalog; path = Assets.xcassets; sourceTree = "<group>"; };
		E5AC8A8E2A13CAF900EA7158 /* Base */ = {isa = PBXFileReference; lastKnownFileType = file.storyboard; name = Base; path = Base.lproj/LaunchScreen.storyboard; sourceTree = "<group>"; };
		E5AC8A902A13CAF900EA7158 /* Info.plist */ = {isa = PBXFileReference; lastKnownFileType = text.plist.xml; path = Info.plist; sourceTree = "<group>"; };
		E5CA83022A152BD00071C452 /* HomeInteractor.swift */ = {isa = PBXFileReference; lastKnownFileType = sourcecode.swift; path = HomeInteractor.swift; sourceTree = "<group>"; };
		E5CA83042A152C4E0071C452 /* HomePresenter.swift */ = {isa = PBXFileReference; lastKnownFileType = sourcecode.swift; path = HomePresenter.swift; sourceTree = "<group>"; };
		E5CA83062A15388A0071C452 /* HomeViewController.xib */ = {isa = PBXFileReference; lastKnownFileType = file.xib; path = HomeViewController.xib; sourceTree = "<group>"; };
		E5CA83082A1538DC0071C452 /* FeatureFactory.swift */ = {isa = PBXFileReference; lastKnownFileType = sourcecode.swift; path = FeatureFactory.swift; sourceTree = "<group>"; };
		E5CA830A2A15399E0071C452 /* HomeRouter.swift */ = {isa = PBXFileReference; lastKnownFileType = sourcecode.swift; path = HomeRouter.swift; sourceTree = "<group>"; };
		E5CA830D2A153E130071C452 /* ResultPreviewViewController.swift */ = {isa = PBXFileReference; lastKnownFileType = sourcecode.swift; path = ResultPreviewViewController.swift; sourceTree = "<group>"; };
		E5CA830E2A153E130071C452 /* ResultPreviewViewController.xib */ = {isa = PBXFileReference; lastKnownFileType = file.xib; path = ResultPreviewViewController.xib; sourceTree = "<group>"; };
		E5CA83112A153E200071C452 /* ResultPreviewInteractor.swift */ = {isa = PBXFileReference; lastKnownFileType = sourcecode.swift; path = ResultPreviewInteractor.swift; sourceTree = "<group>"; };
		E5CA83132A153E2C0071C452 /* ResultPreviewPresenter.swift */ = {isa = PBXFileReference; lastKnownFileType = sourcecode.swift; path = ResultPreviewPresenter.swift; sourceTree = "<group>"; };
		E5CA83152A153E350071C452 /* ResultPreviewRouter.swift */ = {isa = PBXFileReference; lastKnownFileType = sourcecode.swift; path = ResultPreviewRouter.swift; sourceTree = "<group>"; };
/* End PBXFileReference section */

/* Begin PBXFrameworksBuildPhase section */
		E5AC8A7C2A13CAF600EA7158 /* Frameworks */ = {
			isa = PBXFrameworksBuildPhase;
			buildActionMask = 2147483647;
			files = (
			);
			runOnlyForDeploymentPostprocessing = 0;
		};
/* End PBXFrameworksBuildPhase section */

/* Begin PBXGroup section */
		E5AC8A762A13CAF600EA7158 = {
			isa = PBXGroup;
			children = (
				E5AC8A812A13CAF600EA7158 /* mathCamera */,
				E5AC8A802A13CAF600EA7158 /* Products */,
			);
			sourceTree = "<group>";
		};
		E5AC8A802A13CAF600EA7158 /* Products */ = {
			isa = PBXGroup;
			children = (
				E5AC8A7F2A13CAF600EA7158 /* mathCamera.app */,
			);
			name = Products;
			sourceTree = "<group>";
		};
		E5AC8A812A13CAF600EA7158 /* mathCamera */ = {
			isa = PBXGroup;
			children = (
				E5CA83002A1521380071C452 /* BaseApp */,
				E5CA82FF2A1521160071C452 /* Modules */,
			);
			path = mathCamera;
			sourceTree = "<group>";
		};
		E5CA82FF2A1521160071C452 /* Modules */ = {
			isa = PBXGroup;
			children = (
				E5CA830C2A153DB60071C452 /* Preview */,
				E5CA83012A15218D0071C452 /* Home */,
				E5CA83082A1538DC0071C452 /* FeatureFactory.swift */,
			);
			path = Modules;
			sourceTree = "<group>";
		};
		E5CA83002A1521380071C452 /* BaseApp */ = {
			isa = PBXGroup;
			children = (
				E5AC8A822A13CAF600EA7158 /* AppDelegate.swift */,
				E5AC8A842A13CAF600EA7158 /* SceneDelegate.swift */,
				E5AC8A8B2A13CAF900EA7158 /* Assets.xcassets */,
				E5AC8A8D2A13CAF900EA7158 /* LaunchScreen.storyboard */,
				E5AC8A902A13CAF900EA7158 /* Info.plist */,
			);
			path = BaseApp;
			sourceTree = "<group>";
		};
		E5CA83012A15218D0071C452 /* Home */ = {
			isa = PBXGroup;
			children = (
				E5CA83022A152BD00071C452 /* HomeInteractor.swift */,
				E5CA83042A152C4E0071C452 /* HomePresenter.swift */,
				E5CA830A2A15399E0071C452 /* HomeRouter.swift */,
				E5AC8A862A13CAF600EA7158 /* HomeViewController.swift */,
				E5CA83062A15388A0071C452 /* HomeViewController.xib */,
			);
			path = Home;
			sourceTree = "<group>";
		};
		E5CA830C2A153DB60071C452 /* Preview */ = {
			isa = PBXGroup;
			children = (
				E5CA83112A153E200071C452 /* ResultPreviewInteractor.swift */,
				E5CA83132A153E2C0071C452 /* ResultPreviewPresenter.swift */,
				E5CA83152A153E350071C452 /* ResultPreviewRouter.swift */,
				E5CA830D2A153E130071C452 /* ResultPreviewViewController.swift */,
				E5CA830E2A153E130071C452 /* ResultPreviewViewController.xib */,
			);
			path = Preview;
			sourceTree = "<group>";
		};
/* End PBXGroup section */

/* Begin PBXNativeTarget section */
		E5AC8A7E2A13CAF600EA7158 /* mathCamera */ = {
			isa = PBXNativeTarget;
			buildConfigurationList = E5AC8A932A13CAF900EA7158 /* Build configuration list for PBXNativeTarget "mathCamera" */;
			buildPhases = (
				E5AC8A7B2A13CAF600EA7158 /* Sources */,
				E5AC8A7C2A13CAF600EA7158 /* Frameworks */,
				E5AC8A7D2A13CAF600EA7158 /* Resources */,
			);
			buildRules = (
			);
			dependencies = (
			);
			name = mathCamera;
			productName = mathCamera;
			productReference = E5AC8A7F2A13CAF600EA7158 /* mathCamera.app */;
			productType = "com.apple.product-type.application";
		};
/* End PBXNativeTarget section */

/* Begin PBXProject section */
		E5AC8A772A13CAF600EA7158 /* Project object */ = {
			isa = PBXProject;
			attributes = {
				BuildIndependentTargetsInParallel = 1;
				LastSwiftUpdateCheck = 1430;
				LastUpgradeCheck = 1430;
				TargetAttributes = {
					E5AC8A7E2A13CAF600EA7158 = {
						CreatedOnToolsVersion = 14.3;
					};
				};
			};
			buildConfigurationList = E5AC8A7A2A13CAF600EA7158 /* Build configuration list for PBXProject "mathCamera" */;
			compatibilityVersion = "Xcode 14.0";
			developmentRegion = en;
			hasScannedForEncodings = 0;
			knownRegions = (
				en,
				Base,
			);
			mainGroup = E5AC8A762A13CAF600EA7158;
			productRefGroup = E5AC8A802A13CAF600EA7158 /* Products */;
			projectDirPath = "";
			projectRoot = "";
			targets = (
				E5AC8A7E2A13CAF600EA7158 /* mathCamera */,
			);
		};
/* End PBXProject section */

/* Begin PBXResourcesBuildPhase section */
		E5AC8A7D2A13CAF600EA7158 /* Resources */ = {
			isa = PBXResourcesBuildPhase;
			buildActionMask = 2147483647;
			files = (
				E5CA83102A153E130071C452 /* ResultPreviewViewController.xib in Resources */,
				E5AC8A8F2A13CAF900EA7158 /* LaunchScreen.storyboard in Resources */,
				E5AC8A8C2A13CAF900EA7158 /* Assets.xcassets in Resources */,
				E5CA83072A15388A0071C452 /* HomeViewController.xib in Resources */,
			);
			runOnlyForDeploymentPostprocessing = 0;
		};
/* End PBXResourcesBuildPhase section */

/* Begin PBXSourcesBuildPhase section */
		E5AC8A7B2A13CAF600EA7158 /* Sources */ = {
			isa = PBXSourcesBuildPhase;
			buildActionMask = 2147483647;
			files = (
				E5AC8A872A13CAF600EA7158 /* HomeViewController.swift in Sources */,
				E5CA83162A153E350071C452 /* ResultPreviewRouter.swift in Sources */,
				E5CA83092A1538DC0071C452 /* FeatureFactory.swift in Sources */,
				E5CA830B2A15399E0071C452 /* HomeRouter.swift in Sources */,
				E5AC8A832A13CAF600EA7158 /* AppDelegate.swift in Sources */,
				E5CA830F2A153E130071C452 /* ResultPreviewViewController.swift in Sources */,
				E5AC8A852A13CAF600EA7158 /* SceneDelegate.swift in Sources */,
				E5CA83142A153E2C0071C452 /* ResultPreviewPresenter.swift in Sources */,
				E5CA83052A152C4E0071C452 /* HomePresenter.swift in Sources */,
				E5CA83122A153E200071C452 /* ResultPreviewInteractor.swift in Sources */,
				E5CA83032A152BD00071C452 /* HomeInteractor.swift in Sources */,
			);
			runOnlyForDeploymentPostprocessing = 0;
		};
/* End PBXSourcesBuildPhase section */

/* Begin PBXVariantGroup section */
		E5AC8A8D2A13CAF900EA7158 /* LaunchScreen.storyboard */ = {
			isa = PBXVariantGroup;
			children = (
				E5AC8A8E2A13CAF900EA7158 /* Base */,
			);
			name = LaunchScreen.storyboard;
			sourceTree = "<group>";
		};
/* End PBXVariantGroup section */

/* Begin XCBuildConfiguration section */
		E5AC8A912A13CAF900EA7158 /* Debug */ = {
			isa = XCBuildConfiguration;
			buildSettings = {
				ALWAYS_SEARCH_USER_PATHS = NO;
				CLANG_ANALYZER_NONNULL = YES;
				CLANG_ANALYZER_NUMBER_OBJECT_CONVERSION = YES_AGGRESSIVE;
				CLANG_CXX_LANGUAGE_STANDARD = "gnu++20";
				CLANG_ENABLE_MODULES = YES;
				CLANG_ENABLE_OBJC_ARC = YES;
				CLANG_ENABLE_OBJC_WEAK = YES;
				CLANG_WARN_BLOCK_CAPTURE_AUTORELEASING = YES;
				CLANG_WARN_BOOL_CONVERSION = YES;
				CLANG_WARN_COMMA = YES;
				CLANG_WARN_CONSTANT_CONVERSION = YES;
				CLANG_WARN_DEPRECATED_OBJC_IMPLEMENTATIONS = YES;
				CLANG_WARN_DIRECT_OBJC_ISA_USAGE = YES_ERROR;
				CLANG_WARN_DOCUMENTATION_COMMENTS = YES;
				CLANG_WARN_EMPTY_BODY = YES;
				CLANG_WARN_ENUM_CONVERSION = YES;
				CLANG_WARN_INFINITE_RECURSION = YES;
				CLANG_WARN_INT_CONVERSION = YES;
				CLANG_WARN_NON_LITERAL_NULL_CONVERSION = YES;
				CLANG_WARN_OBJC_IMPLICIT_RETAIN_SELF = YES;
				CLANG_WARN_OBJC_LITERAL_CONVERSION = YES;
				CLANG_WARN_OBJC_ROOT_CLASS = YES_ERROR;
				CLANG_WARN_QUOTED_INCLUDE_IN_FRAMEWORK_HEADER = YES;
				CLANG_WARN_RANGE_LOOP_ANALYSIS = YES;
				CLANG_WARN_STRICT_PROTOTYPES = YES;
				CLANG_WARN_SUSPICIOUS_MOVE = YES;
				CLANG_WARN_UNGUARDED_AVAILABILITY = YES_AGGRESSIVE;
				CLANG_WARN_UNREACHABLE_CODE = YES;
				CLANG_WARN__DUPLICATE_METHOD_MATCH = YES;
				COPY_PHASE_STRIP = NO;
				DEBUG_INFORMATION_FORMAT = dwarf;
				ENABLE_STRICT_OBJC_MSGSEND = YES;
				ENABLE_TESTABILITY = YES;
				GCC_C_LANGUAGE_STANDARD = gnu11;
				GCC_DYNAMIC_NO_PIC = NO;
				GCC_NO_COMMON_BLOCKS = YES;
				GCC_OPTIMIZATION_LEVEL = 0;
				GCC_PREPROCESSOR_DEFINITIONS = (
					"DEBUG=1",
					"$(inherited)",
				);
				GCC_WARN_64_TO_32_BIT_CONVERSION = YES;
				GCC_WARN_ABOUT_RETURN_TYPE = YES_ERROR;
				GCC_WARN_UNDECLARED_SELECTOR = YES;
				GCC_WARN_UNINITIALIZED_AUTOS = YES_AGGRESSIVE;
				GCC_WARN_UNUSED_FUNCTION = YES;
				GCC_WARN_UNUSED_VARIABLE = YES;
				IPHONEOS_DEPLOYMENT_TARGET = 16.4;
				MTL_ENABLE_DEBUG_INFO = INCLUDE_SOURCE;
				MTL_FAST_MATH = YES;
				ONLY_ACTIVE_ARCH = YES;
				SDKROOT = iphoneos;
				SWIFT_ACTIVE_COMPILATION_CONDITIONS = DEBUG;
				SWIFT_OPTIMIZATION_LEVEL = "-Onone";
			};
			name = Debug;
		};
		E5AC8A922A13CAF900EA7158 /* Release */ = {
			isa = XCBuildConfiguration;
			buildSettings = {
				ALWAYS_SEARCH_USER_PATHS = NO;
				CLANG_ANALYZER_NONNULL = YES;
				CLANG_ANALYZER_NUMBER_OBJECT_CONVERSION = YES_AGGRESSIVE;
				CLANG_CXX_LANGUAGE_STANDARD = "gnu++20";
				CLANG_ENABLE_MODULES = YES;
				CLANG_ENABLE_OBJC_ARC = YES;
				CLANG_ENABLE_OBJC_WEAK = YES;
				CLANG_WARN_BLOCK_CAPTURE_AUTORELEASING = YES;
				CLANG_WARN_BOOL_CONVERSION = YES;
				CLANG_WARN_COMMA = YES;
				CLANG_WARN_CONSTANT_CONVERSION = YES;
				CLANG_WARN_DEPRECATED_OBJC_IMPLEMENTATIONS = YES;
				CLANG_WARN_DIRECT_OBJC_ISA_USAGE = YES_ERROR;
				CLANG_WARN_DOCUMENTATION_COMMENTS = YES;
				CLANG_WARN_EMPTY_BODY = YES;
				CLANG_WARN_ENUM_CONVERSION = YES;
				CLANG_WARN_INFINITE_RECURSION = YES;
				CLANG_WARN_INT_CONVERSION = YES;
				CLANG_WARN_NON_LITERAL_NULL_CONVERSION = YES;
				CLANG_WARN_OBJC_IMPLICIT_RETAIN_SELF = YES;
				CLANG_WARN_OBJC_LITERAL_CONVERSION = YES;
				CLANG_WARN_OBJC_ROOT_CLASS = YES_ERROR;
				CLANG_WARN_QUOTED_INCLUDE_IN_FRAMEWORK_HEADER = YES;
				CLANG_WARN_RANGE_LOOP_ANALYSIS = YES;
				CLANG_WARN_STRICT_PROTOTYPES = YES;
				CLANG_WARN_SUSPICIOUS_MOVE = YES;
				CLANG_WARN_UNGUARDED_AVAILABILITY = YES_AGGRESSIVE;
				CLANG_WARN_UNREACHABLE_CODE = YES;
				CLANG_WARN__DUPLICATE_METHOD_MATCH = YES;
				COPY_PHASE_STRIP = NO;
				DEBUG_INFORMATION_FORMAT = "dwarf-with-dsym";
				ENABLE_NS_ASSERTIONS = NO;
				ENABLE_STRICT_OBJC_MSGSEND = YES;
				GCC_C_LANGUAGE_STANDARD = gnu11;
				GCC_NO_COMMON_BLOCKS = YES;
				GCC_WARN_64_TO_32_BIT_CONVERSION = YES;
				GCC_WARN_ABOUT_RETURN_TYPE = YES_ERROR;
				GCC_WARN_UNDECLARED_SELECTOR = YES;
				GCC_WARN_UNINITIALIZED_AUTOS = YES_AGGRESSIVE;
				GCC_WARN_UNUSED_FUNCTION = YES;
				GCC_WARN_UNUSED_VARIABLE = YES;
				IPHONEOS_DEPLOYMENT_TARGET = 16.4;
				MTL_ENABLE_DEBUG_INFO = NO;
				MTL_FAST_MATH = YES;
				SDKROOT = iphoneos;
				SWIFT_COMPILATION_MODE = wholemodule;
				SWIFT_OPTIMIZATION_LEVEL = "-O";
				VALIDATE_PRODUCT = YES;
			};
			name = Release;
		};
		E5AC8A942A13CAF900EA7158 /* Debug */ = {
			isa = XCBuildConfiguration;
			buildSettings = {
				ASSETCATALOG_COMPILER_APPICON_NAME = AppIcon;
				ASSETCATALOG_COMPILER_GLOBAL_ACCENT_COLOR_NAME = AccentColor;
				CODE_SIGN_STYLE = Automatic;
				CURRENT_PROJECT_VERSION = 1;
				DEVELOPMENT_TEAM = R2D4D7YLB2;
				GENERATE_INFOPLIST_FILE = YES;
				INFOPLIST_FILE = mathCamera/BaseApp/Info.plist;
				INFOPLIST_KEY_NSCameraUsageDescription = "mathCam need to access your camera to detect the operations";
				INFOPLIST_KEY_NSPhotoLibraryUsageDescription = "matchCam need to access your photo gallery to detect the operations";
				INFOPLIST_KEY_UIApplicationSupportsIndirectInputEvents = YES;
				INFOPLIST_KEY_UILaunchStoryboardName = LaunchScreen;
				INFOPLIST_KEY_UIMainStoryboardFile = Main;
				INFOPLIST_KEY_UISupportedInterfaceOrientations_iPad = "UIInterfaceOrientationPortrait UIInterfaceOrientationPortraitUpsideDown UIInterfaceOrientationLandscapeLeft UIInterfaceOrientationLandscapeRight";
				INFOPLIST_KEY_UISupportedInterfaceOrientations_iPhone = "UIInterfaceOrientationPortrait UIInterfaceOrientationLandscapeLeft UIInterfaceOrientationLandscapeRight";
				LD_RUNPATH_SEARCH_PATHS = (
					"$(inherited)",
					"@executable_path/Frameworks",
				);
				MARKETING_VERSION = 1.0;
				PRODUCT_BUNDLE_IDENTIFIER = com.dcd.mathCamera;
				PRODUCT_NAME = "$(TARGET_NAME)";
				SWIFT_EMIT_LOC_STRINGS = YES;
				SWIFT_VERSION = 5.0;
				TARGETED_DEVICE_FAMILY = "1,2";
			};
			name = Debug;
		};
		E5AC8A952A13CAF900EA7158 /* Release */ = {
			isa = XCBuildConfiguration;
			buildSettings = {
				ASSETCATALOG_COMPILER_APPICON_NAME = AppIcon;
				ASSETCATALOG_COMPILER_GLOBAL_ACCENT_COLOR_NAME = AccentColor;
				CODE_SIGN_STYLE = Automatic;
				CURRENT_PROJECT_VERSION = 1;
				DEVELOPMENT_TEAM = R2D4D7YLB2;
				GENERATE_INFOPLIST_FILE = YES;
				INFOPLIST_FILE = mathCamera/BaseApp/Info.plist;
				INFOPLIST_KEY_NSCameraUsageDescription = "mathCam need to access your camera to detect the operations";
				INFOPLIST_KEY_NSPhotoLibraryUsageDescription = "matchCam need to access your photo gallery to detect the operations";
				INFOPLIST_KEY_UIApplicationSupportsIndirectInputEvents = YES;
				INFOPLIST_KEY_UILaunchStoryboardName = LaunchScreen;
				INFOPLIST_KEY_UIMainStoryboardFile = Main;
				INFOPLIST_KEY_UISupportedInterfaceOrientations_iPad = "UIInterfaceOrientationPortrait UIInterfaceOrientationPortraitUpsideDown UIInterfaceOrientationLandscapeLeft UIInterfaceOrientationLandscapeRight";
				INFOPLIST_KEY_UISupportedInterfaceOrientations_iPhone = "UIInterfaceOrientationPortrait UIInterfaceOrientationLandscapeLeft UIInterfaceOrientationLandscapeRight";
				LD_RUNPATH_SEARCH_PATHS = (
					"$(inherited)",
					"@executable_path/Frameworks",
				);
				MARKETING_VERSION = 1.0;
				PRODUCT_BUNDLE_IDENTIFIER = com.dcd.mathCamera;
				PRODUCT_NAME = "$(TARGET_NAME)";
				SWIFT_EMIT_LOC_STRINGS = YES;
				SWIFT_VERSION = 5.0;
				TARGETED_DEVICE_FAMILY = "1,2";
			};
			name = Release;
		};
/* End XCBuildConfiguration section */

/* Begin XCConfigurationList section */
		E5AC8A7A2A13CAF600EA7158 /* Build configuration list for PBXProject "mathCamera" */ = {
			isa = XCConfigurationList;
			buildConfigurations = (
				E5AC8A912A13CAF900EA7158 /* Debug */,
				E5AC8A922A13CAF900EA7158 /* Release */,
			);
			defaultConfigurationIsVisible = 0;
			defaultConfigurationName = Release;
		};
		E5AC8A932A13CAF900EA7158 /* Build configuration list for PBXNativeTarget "mathCamera" */ = {
			isa = XCConfigurationList;
			buildConfigurations = (
				E5AC8A942A13CAF900EA7158 /* Debug */,
				E5AC8A952A13CAF900EA7158 /* Release */,
			);
			defaultConfigurationIsVisible = 0;
			defaultConfigurationName = Release;
		};
/* End XCConfigurationList section */
	};
	rootObject = E5AC8A772A13CAF600EA7158 /* Project object */;
}
